Microsoft Visual Studio Solution File, Format Version 12.00
# Visual Studio 15
VisualStudioVersion = 15.0.27703.2026
MinimumVisualStudioVersion = 10.0.40219.1
Project("{9A19103F-16F7-4668-BE54-9A1E7A4F7556}") = "Snake", "Snake\Snake.csproj", "{2410BD9F-180C-480B-AE43-7821BB9124BE}"
EndProject
Project("{9A19103F-16F7-4668-BE54-9A1E7A4F7556}") = "Doog.Framework", "Doog.Framework\Doog.Framework.csproj", "{9035ADE3-AACF-40F4-BEC4-9A8263793B63}"
EndProject
Project("{9A19103F-16F7-4668-BE54-9A1E7A4F7556}") = "Doog.Framework.UnitTests", "Doog.Framework.UnitTests\Doog.Framework.UnitTests.csproj", "{8EDF4429-251A-416D-BB68-93F227191BCF}"
EndProject
Project("{2150E333-8FDC-42A3-9474-1A3956D46DE8}") = "Framework", "Framework", "{4CD0194E-FE30-4243-B0AB-0276464EEC01}"
EndProject
Project("{2150E333-8FDC-42A3-9474-1A3956D46DE8}") = "Games", "Games", "{00EBE47F-4065-44E6-93B8-774E6359D261}"
EndProject
Project("{9A19103F-16F7-4668-BE54-9A1E7A4F7556}") = "Doog.Framework.Samples", "Doog.Framework.Samples\Doog.Framework.Samples.csproj", "{AD4421C0-750D-4FD1-A1C9-F5EA597AD344}"
EndProject
Project("{9A19103F-16F7-4668-BE54-9A1E7A4F7556}") = "Doog.Runners.Console", "Doog.Runners.Console\Doog.Runners.Console.csproj", "{88DA4BD0-A826-4743-A020-C26AB2B3DC6C}"
EndProject
Project("{2150E333-8FDC-42A3-9474-1A3956D46DE8}") = "Runners", "Runners", "{E79968DA-BDFE-4F81-B356-75CF4F51032B}"
EndProject
Project("{9A19103F-16F7-4668-BE54-9A1E7A4F7556}") = "Doog.Runners", "Doog.Runners\Doog.Runners.csproj", "{585FCC9B-ED48-41E0-BD67-D4EBD0AABCA4}"
EndProject
Project("{9A19103F-16F7-4668-BE54-9A1E7A4F7556}") = "Doog.Framework.IO", "Doog.Framework.IO\Doog.Framework.IO.csproj", "{DAC1CE23-5622-409F-87C3-775C6DEC6A38}"
EndProject
Global
	GlobalSection(SolutionConfigurationPlatforms) = preSolution
		Debug|Any CPU = Debug|Any CPU
		Release|Any CPU = Release|Any CPU
	EndGlobalSection
	GlobalSection(ProjectConfigurationPlatforms) = postSolution
		{2410BD9F-180C-480B-AE43-7821BB9124BE}.Debug|Any CPU.ActiveCfg = Debug|Any CPU
		{2410BD9F-180C-480B-AE43-7821BB9124BE}.Debug|Any CPU.Build.0 = Debug|Any CPU
		{2410BD9F-180C-480B-AE43-7821BB9124BE}.Release|Any CPU.ActiveCfg = Release|Any CPU
		{2410BD9F-180C-480B-AE43-7821BB9124BE}.Release|Any CPU.Build.0 = Release|Any CPU
		{9035ADE3-AACF-40F4-BEC4-9A8263793B63}.Debug|Any CPU.ActiveCfg = Debug|Any CPU
		{9035ADE3-AACF-40F4-BEC4-9A8263793B63}.Debug|Any CPU.Build.0 = Debug|Any CPU
		{9035ADE3-AACF-40F4-BEC4-9A8263793B63}.Release|Any CPU.ActiveCfg = Release|Any CPU
		{9035ADE3-AACF-40F4-BEC4-9A8263793B63}.Release|Any CPU.Build.0 = Release|Any CPU
		{8EDF4429-251A-416D-BB68-93F227191BCF}.Debug|Any CPU.ActiveCfg = Debug|Any CPU
		{8EDF4429-251A-416D-BB68-93F227191BCF}.Debug|Any CPU.Build.0 = Debug|Any CPU
		{8EDF4429-251A-416D-BB68-93F227191BCF}.Release|Any CPU.ActiveCfg = Release|Any CPU
		{8EDF4429-251A-416D-BB68-93F227191BCF}.Release|Any CPU.Build.0 = Release|Any CPU
		{AD4421C0-750D-4FD1-A1C9-F5EA597AD344}.Debug|Any CPU.ActiveCfg = Debug|Any CPU
		{AD4421C0-750D-4FD1-A1C9-F5EA597AD344}.Debug|Any CPU.Build.0 = Debug|Any CPU
		{AD4421C0-750D-4FD1-A1C9-F5EA597AD344}.Release|Any CPU.ActiveCfg = Release|Any CPU
		{AD4421C0-750D-4FD1-A1C9-F5EA597AD344}.Release|Any CPU.Build.0 = Release|Any CPU
		{88DA4BD0-A826-4743-A020-C26AB2B3DC6C}.Debug|Any CPU.ActiveCfg = Debug|Any CPU
		{88DA4BD0-A826-4743-A020-C26AB2B3DC6C}.Debug|Any CPU.Build.0 = Debug|Any CPU
		{88DA4BD0-A826-4743-A020-C26AB2B3DC6C}.Release|Any CPU.ActiveCfg = Release|Any CPU
		{88DA4BD0-A826-4743-A020-C26AB2B3DC6C}.Release|Any CPU.Build.0 = Release|Any CPU
		{585FCC9B-ED48-41E0-BD67-D4EBD0AABCA4}.Debug|Any CPU.ActiveCfg = Debug|Any CPU
		{585FCC9B-ED48-41E0-BD67-D4EBD0AABCA4}.Debug|Any CPU.Build.0 = Debug|Any CPU
		{585FCC9B-ED48-41E0-BD67-D4EBD0AABCA4}.Release|Any CPU.ActiveCfg = Release|Any CPU
		{585FCC9B-ED48-41E0-BD67-D4EBD0AABCA4}.Release|Any CPU.Build.0 = Release|Any CPU
		{DAC1CE23-5622-409F-87C3-775C6DEC6A38}.Debug|Any CPU.ActiveCfg = Debug|Any CPU
		{DAC1CE23-5622-409F-87C3-775C6DEC6A38}.Debug|Any CPU.Build.0 = Debug|Any CPU
		{DAC1CE23-5622-409F-87C3-775C6DEC6A38}.Release|Any CPU.ActiveCfg = Release|Any CPU
		{DAC1CE23-5622-409F-87C3-775C6DEC6A38}.Release|Any CPU.Build.0 = Release|Any CPU
	EndGlobalSection
	GlobalSection(SolutionProperties) = preSolution
		HideSolutionNode = FALSE
	EndGlobalSection
	GlobalSection(NestedProjects) = preSolution
		{2410BD9F-180C-480B-AE43-7821BB9124BE} = {00EBE47F-4065-44E6-93B8-774E6359D261}
		{9035ADE3-AACF-40F4-BEC4-9A8263793B63} = {4CD0194E-FE30-4243-B0AB-0276464EEC01}
		{8EDF4429-251A-416D-BB68-93F227191BCF} = {4CD0194E-FE30-4243-B0AB-0276464EEC01}
		{AD4421C0-750D-4FD1-A1C9-F5EA597AD344} = {4CD0194E-FE30-4243-B0AB-0276464EEC01}
		{88DA4BD0-A826-4743-A020-C26AB2B3DC6C} = {E79968DA-BDFE-4F81-B356-75CF4F51032B}
		{585FCC9B-ED48-41E0-BD67-D4EBD0AABCA4} = {E79968DA-BDFE-4F81-B356-75CF4F51032B}
		{DAC1CE23-5622-409F-87C3-775C6DEC6A38} = {4CD0194E-FE30-4243-B0AB-0276464EEC01}
	EndGlobalSection
	GlobalSection(ExtensibilityGlobals) = postSolution
		SolutionGuid = {C004F80F-E8A8-415A-AC80-D705C14172B0}
	EndGlobalSection
	GlobalSection(MonoDevelopProperties) = preSolution
		Policies = $0
		$0.VersionControlPolicy = $1
		$0.DotNetNamingPolicy = $2
		$0.StandardHeader = $3
	EndGlobalSection
EndGlobal
