Microsoft Visual Studio Solution File, Format Version 12.00
# Visual Studio 15
VisualStudioVersion = 15.0.27703.2026
MinimumVisualStudioVersion = 10.0.40219.1
Project("{9A19103F-16F7-4668-BE54-9A1E7A4F7556}") = "Doog.Tests", "Doog.Tests\Doog.Tests.csproj", "{8EDF4429-251A-416D-BB68-93F227191BCF}"
EndProject
Project("{2150E333-8FDC-42A3-9474-1A3956D46DE8}") = "Samples", "Samples", "{00EBE47F-4065-44E6-93B8-774E6359D261}"
EndProject
Project("{9A19103F-16F7-4668-BE54-9A1E7A4F7556}") = "Doog", "Doog\Doog.csproj", "{DBF54893-AF41-453E-93B7-1C662A9E3928}"
EndProject
Project("{9A19103F-16F7-4668-BE54-9A1E7A4F7556}") = "Doog.Samples", "Samples\Doog.Samples\Doog.Samples.csproj", "{409F760B-9D20-4B74-9CFE-4ACB5D429DAC}"
EndProject
Project("{9A19103F-16F7-4668-BE54-9A1E7A4F7556}") = "Snake", "Samples\Snake\Snake.csproj", "{F5FD1342-B445-484F-B31F-9F4165EC3C2A}"
EndProject
Project("{9A19103F-16F7-4668-BE54-9A1E7A4F7556}") = "Breakout", "Samples\Breakout\Breakout.csproj", "{54c1bfe9-f182-4f7e-9b7e-d79e286416c8}"
EndProject
Global
	GlobalSection(SolutionConfigurationPlatforms) = preSolution
		Debug|Any CPU = Debug|Any CPU
		Release|Any CPU = Release|Any CPU
	EndGlobalSection
	GlobalSection(ProjectConfigurationPlatforms) = postSolution
		{8EDF4429-251A-416D-BB68-93F227191BCF}.Debug|Any CPU.ActiveCfg = Debug|Any CPU
		{8EDF4429-251A-416D-BB68-93F227191BCF}.Debug|Any CPU.Build.0 = Debug|Any CPU
		{8EDF4429-251A-416D-BB68-93F227191BCF}.Release|Any CPU.ActiveCfg = Release|Any CPU
		{8EDF4429-251A-416D-BB68-93F227191BCF}.Release|Any CPU.Build.0 = Release|Any CPU
		{DBF54893-AF41-453E-93B7-1C662A9E3928}.Debug|Any CPU.ActiveCfg = Debug|Any CPU
		{DBF54893-AF41-453E-93B7-1C662A9E3928}.Debug|Any CPU.Build.0 = Debug|Any CPU
		{DBF54893-AF41-453E-93B7-1C662A9E3928}.Release|Any CPU.ActiveCfg = Release|Any CPU
		{DBF54893-AF41-453E-93B7-1C662A9E3928}.Release|Any CPU.Build.0 = Release|Any CPU
		{409F760B-9D20-4B74-9CFE-4ACB5D429DAC}.Debug|Any CPU.ActiveCfg = Debug|Any CPU
		{409F760B-9D20-4B74-9CFE-4ACB5D429DAC}.Debug|Any CPU.Build.0 = Debug|Any CPU
		{409F760B-9D20-4B74-9CFE-4ACB5D429DAC}.Release|Any CPU.ActiveCfg = Release|Any CPU
		{409F760B-9D20-4B74-9CFE-4ACB5D429DAC}.Release|Any CPU.Build.0 = Release|Any CPU
		{F5FD1342-B445-484F-B31F-9F4165EC3C2A}.Debug|Any CPU.ActiveCfg = Debug|Any CPU
		{F5FD1342-B445-484F-B31F-9F4165EC3C2A}.Debug|Any CPU.Build.0 = Debug|Any CPU
		{F5FD1342-B445-484F-B31F-9F4165EC3C2A}.Release|Any CPU.ActiveCfg = Release|Any CPU
		{F5FD1342-B445-484F-B31F-9F4165EC3C2A}.Release|Any CPU.Build.0 = Release|Any CPU
		{54c1bfe9-f182-4f7e-9b7e-d79e286416c8}.Debug|Any CPU.ActiveCfg = Debug|Any CPU
		{54c1bfe9-f182-4f7e-9b7e-d79e286416c8}.Debug|Any CPU.Build.0 = Debug|Any CPU
		{54c1bfe9-f182-4f7e-9b7e-d79e286416c8}.Release|Any CPU.ActiveCfg = Release|Any CPU
		{54c1bfe9-f182-4f7e-9b7e-d79e286416c8}.Release|Any CPU.Build.0 = Release|Any CPU
	EndGlobalSection
	GlobalSection(SolutionProperties) = preSolution
		HideSolutionNode = FALSE
	EndGlobalSection
	GlobalSection(NestedProjects) = preSolution
		{409F760B-9D20-4B74-9CFE-4ACB5D429DAC} = {00EBE47F-4065-44E6-93B8-774E6359D261}
		{F5FD1342-B445-484F-B31F-9F4165EC3C2A} = {00EBE47F-4065-44E6-93B8-774E6359D261}
		{54c1bfe9-f182-4f7e-9b7e-d79e286416c8} = {00EBE47F-4065-44E6-93B8-774E6359D261}
	EndGlobalSection
	GlobalSection(ExtensibilityGlobals) = postSolution
		SolutionGuid = {C004F80F-E8A8-415A-AC80-D705C14172B0}
	EndGlobalSection
	GlobalSection(MonoDevelopProperties) = preSolution
		Policies = $0
		$0.VersionControlPolicy = $1
		$0.DotNetNamingPolicy = $2
		$0.StandardHeader = $3
	EndGlobalSection
EndGlobal
