
Microsoft Visual Studio Solution File, Format Version 11.00
# Visual Studio 2010
Project("{FAE04EC0-301F-11D3-BF4B-00C04F79EFBC}") = "Snake.Runners.Unity", "Assembly-CSharp-firstpass.csproj", "{68512E82-006C-5137-ADD4-380B78EF132E}"
EndProject
Project("{FAE04EC0-301F-11D3-BF4B-00C04F79EFBC}") = "Snake.Runners.Unity", "Assembly-CSharp.csproj", "{39F82FD6-46F5-1F33-B33D-A1A00D54649E}"
EndProject
Project("{FAE04EC0-301F-11D3-BF4B-00C04F79EFBC}") = "Snake.Runners.Unity", "Assembly-CSharp-Editor-firstpass.csproj", "{C93EB7E7-8381-3DD4-E85B-83C3935FFADC}"
EndProject
Global
	GlobalSection(SolutionConfigurationPlatforms) = preSolution
		Debug|Any CPU = Debug|Any CPU
		Release|Any CPU = Release|Any CPU
	EndGlobalSection
	GlobalSection(ProjectConfigurationPlatforms) = postSolution
		{68512E82-006C-5137-ADD4-380B78EF132E}.Debug|Any CPU.ActiveCfg = Debug|Any CPU
		{68512E82-006C-5137-ADD4-380B78EF132E}.Debug|Any CPU.Build.0 = Debug|Any CPU
		{68512E82-006C-5137-ADD4-380B78EF132E}.Release|Any CPU.ActiveCfg = Release|Any CPU
		{68512E82-006C-5137-ADD4-380B78EF132E}.Release|Any CPU.Build.0 = Release|Any CPU
		{39F82FD6-46F5-1F33-B33D-A1A00D54649E}.Debug|Any CPU.ActiveCfg = Debug|Any CPU
		{39F82FD6-46F5-1F33-B33D-A1A00D54649E}.Debug|Any CPU.Build.0 = Debug|Any CPU
		{39F82FD6-46F5-1F33-B33D-A1A00D54649E}.Release|Any CPU.ActiveCfg = Release|Any CPU
		{39F82FD6-46F5-1F33-B33D-A1A00D54649E}.Release|Any CPU.Build.0 = Release|Any CPU
		{C93EB7E7-8381-3DD4-E85B-83C3935FFADC}.Debug|Any CPU.ActiveCfg = Debug|Any CPU
		{C93EB7E7-8381-3DD4-E85B-83C3935FFADC}.Debug|Any CPU.Build.0 = Debug|Any CPU
		{C93EB7E7-8381-3DD4-E85B-83C3935FFADC}.Release|Any CPU.ActiveCfg = Release|Any CPU
		{C93EB7E7-8381-3DD4-E85B-83C3935FFADC}.Release|Any CPU.Build.0 = Release|Any CPU
	EndGlobalSection
	GlobalSection(SolutionProperties) = preSolution
		HideSolutionNode = FALSE
	EndGlobalSection
	GlobalSection(MonoDevelopProperties) = preSolution
		StartupItem = Assembly-CSharp.csproj
	EndGlobalSection
EndGlobal
